
Microsoft Visual Studio Solution File, Format Version 12.00
# Visual Studio Version 17
VisualStudioVersion = 17.6.33723.286
MinimumVisualStudioVersion = 10.0.40219.1
Project("{FAE04EC0-301F-11D3-BF4B-00C04F79EFBC}") = "AplicacaoScreen", "AplicacaoScreen\AplicacaoScreen.csproj", "{76DA5BE5-FCF7-4D3A-9C43-DA10B0E5D6FD}"
EndProject
Global
	GlobalSection(SolutionConfigurationPlatforms) = preSolution
		Debug|Any CPU = Debug|Any CPU
		Release|Any CPU = Release|Any CPU
	EndGlobalSection
	GlobalSection(ProjectConfigurationPlatforms) = postSolution
		{76DA5BE5-FCF7-4D3A-9C43-DA10B0E5D6FD}.Debug|Any CPU.ActiveCfg = Debug|Any CPU
		{76DA5BE5-FCF7-4D3A-9C43-DA10B0E5D6FD}.Debug|Any CPU.Build.0 = Debug|Any CPU
		{76DA5BE5-FCF7-4D3A-9C43-DA10B0E5D6FD}.Release|Any CPU.ActiveCfg = Release|Any CPU
		{76DA5BE5-FCF7-4D3A-9C43-DA10B0E5D6FD}.Release|Any CPU.Build.0 = Release|Any CPU
	EndGlobalSection
	GlobalSection(SolutionProperties) = preSolution
		HideSolutionNode = FALSE
	EndGlobalSection
	GlobalSection(ExtensibilityGlobals) = postSolution
		SolutionGuid = {765EA691-BFE9-4FA1-863D-5570741FE793}
	EndGlobalSection
EndGlobal
